
Microsoft Visual Studio Solution File, Format Version 12.00
# Visual Studio Version 16
VisualStudioVersion = 25.0.1700.1
MinimumVisualStudioVersion = 10.0.40219.1
Project("{FAE04EC0-301F-11D3-BF4B-00C04F79EFBC}") = "APBD.Server", "APBD\Server\APBD.Server.csproj", "{224EA855-AED8-4730-A3AF-8CE504043310}"
EndProject
Project("{FAE04EC0-301F-11D3-BF4B-00C04F79EFBC}") = "APBD.Client", "APBD\Client\APBD.Client.csproj", "{9232FB89-44E7-4837-A932-B4F8B173D044}"
EndProject
Project("{FAE04EC0-301F-11D3-BF4B-00C04F79EFBC}") = "APBD.Shared", "APBD\Shared\APBD.Shared.csproj", "{B0E58B9E-5224-4FBC-B816-879F36C7A76E}"
EndProject
Global
	GlobalSection(SolutionConfigurationPlatforms) = preSolution
		Debug|Any CPU = Debug|Any CPU
		Release|Any CPU = Release|Any CPU
	EndGlobalSection
	GlobalSection(ProjectConfigurationPlatforms) = postSolution
		{224EA855-AED8-4730-A3AF-8CE504043310}.Debug|Any CPU.ActiveCfg = Debug|Any CPU
		{224EA855-AED8-4730-A3AF-8CE504043310}.Debug|Any CPU.Build.0 = Debug|Any CPU
		{224EA855-AED8-4730-A3AF-8CE504043310}.Release|Any CPU.ActiveCfg = Release|Any CPU
		{224EA855-AED8-4730-A3AF-8CE504043310}.Release|Any CPU.Build.0 = Release|Any CPU
		{9232FB89-44E7-4837-A932-B4F8B173D044}.Debug|Any CPU.ActiveCfg = Debug|Any CPU
		{9232FB89-44E7-4837-A932-B4F8B173D044}.Debug|Any CPU.Build.0 = Debug|Any CPU
		{9232FB89-44E7-4837-A932-B4F8B173D044}.Release|Any CPU.ActiveCfg = Release|Any CPU
		{9232FB89-44E7-4837-A932-B4F8B173D044}.Release|Any CPU.Build.0 = Release|Any CPU
		{B0E58B9E-5224-4FBC-B816-879F36C7A76E}.Debug|Any CPU.ActiveCfg = Debug|Any CPU
		{B0E58B9E-5224-4FBC-B816-879F36C7A76E}.Debug|Any CPU.Build.0 = Debug|Any CPU
		{B0E58B9E-5224-4FBC-B816-879F36C7A76E}.Release|Any CPU.ActiveCfg = Release|Any CPU
		{B0E58B9E-5224-4FBC-B816-879F36C7A76E}.Release|Any CPU.Build.0 = Release|Any CPU
	EndGlobalSection
	GlobalSection(SolutionProperties) = preSolution
		HideSolutionNode = FALSE
	EndGlobalSection
	GlobalSection(ExtensibilityGlobals) = postSolution
		SolutionGuid = {67AA879C-26D2-4ECB-A0C8-1AED037DCD26}
	EndGlobalSection
EndGlobal
